
Microsoft Visual Studio Solution File, Format Version 12.00
# Visual Studio Version 16
VisualStudioVersion = 16.0.31019.35
MinimumVisualStudioVersion = 10.0.40219.1
Project("{FAE04EC0-301F-11D3-BF4B-00C04F79EFBC}") = "UWCovidResultParser", "UWCovidResultParser\UWCovidResultParser.csproj", "{5BA4CF28-3FAD-4DAC-8A5D-4AD044E0F320}"
EndProject
Global
	GlobalSection(SolutionConfigurationPlatforms) = preSolution
		Debug|Any CPU = Debug|Any CPU
		Release|Any CPU = Release|Any CPU
	EndGlobalSection
	GlobalSection(ProjectConfigurationPlatforms) = postSolution
		{5BA4CF28-3FAD-4DAC-8A5D-4AD044E0F320}.Debug|Any CPU.ActiveCfg = Debug|Any CPU
		{5BA4CF28-3FAD-4DAC-8A5D-4AD044E0F320}.Debug|Any CPU.Build.0 = Debug|Any CPU
		{5BA4CF28-3FAD-4DAC-8A5D-4AD044E0F320}.Release|Any CPU.ActiveCfg = Release|Any CPU
		{5BA4CF28-3FAD-4DAC-8A5D-4AD044E0F320}.Release|Any CPU.Build.0 = Release|Any CPU
	EndGlobalSection
	GlobalSection(SolutionProperties) = preSolution
		HideSolutionNode = FALSE
	EndGlobalSection
	GlobalSection(ExtensibilityGlobals) = postSolution
		SolutionGuid = {711D3139-F649-4563-AF62-EC19EA9B6AA7}
	EndGlobalSection
EndGlobal
